// !$*UTF8*$!
{
	archiveVersion = 1;
	classes = {
	};
	objectVersion = 50;
	objects = {

/* Begin PBXBuildFile section */
		7FBF4187209BE4DC005D85D5 /* Concentration.swift in Sources */ = {isa = PBXBuildFile; fileRef = 7FBF4186209BE4DC005D85D5 /* Concentration.swift */; };
		7FBF4189209BE577005D85D5 /* Card.swift in Sources */ = {isa = PBXBuildFile; fileRef = 7FBF4188209BE577005D85D5 /* Card.swift */; };
		7FEA9E65209BC75B00BBBBAF /* AppDelegate.swift in Sources */ = {isa = PBXBuildFile; fileRef = 7FEA9E64209BC75B00BBBBAF /* AppDelegate.swift */; };
		7FEA9E67209BC75B00BBBBAF /* ViewController.swift in Sources */ = {isa = PBXBuildFile; fileRef = 7FEA9E66209BC75B00BBBBAF /* ViewController.swift */; };
		7FEA9E6A209BC75B00BBBBAF /* Main.storyboard in Resources */ = {isa = PBXBuildFile; fileRef = 7FEA9E68209BC75B00BBBBAF /* Main.storyboard */; };
		7FEA9E6C209BC76200BBBBAF /* Assets.xcassets in Resources */ = {isa = PBXBuildFile; fileRef = 7FEA9E6B209BC76200BBBBAF /* Assets.xcassets */; };
		7FEA9E6F209BC76200BBBBAF /* LaunchScreen.storyboard in Resources */ = {isa = PBXBuildFile; fileRef = 7FEA9E6D209BC76200BBBBAF /* LaunchScreen.storyboard */; };
/* End PBXBuildFile section */

/* Begin PBXFileReference section */
		7FBF4186209BE4DC005D85D5 /* Concentration.swift */ = {isa = PBXFileReference; lastKnownFileType = sourcecode.swift; path = Concentration.swift; sourceTree = "<group>"; };
		7FBF4188209BE577005D85D5 /* Card.swift */ = {isa = PBXFileReference; lastKnownFileType = sourcecode.swift; path = Card.swift; sourceTree = "<group>"; };
		7FEA9E61209BC75B00BBBBAF /* Concentration.app */ = {isa = PBXFileReference; explicitFileType = wrapper.application; includeInIndex = 0; path = Concentration.app; sourceTree = BUILT_PRODUCTS_DIR; };
		7FEA9E64209BC75B00BBBBAF /* AppDelegate.swift */ = {isa = PBXFileReference; lastKnownFileType = sourcecode.swift; path = AppDelegate.swift; sourceTree = "<group>"; };
		7FEA9E66209BC75B00BBBBAF /* ViewController.swift */ = {isa = PBXFileReference; lastKnownFileType = sourcecode.swift; path = ViewController.swift; sourceTree = "<group>"; };
		7FEA9E69209BC75B00BBBBAF /* Base */ = {isa = PBXFileReference; lastKnownFileType = file.storyboard; name = Base; path = Base.lproj/Main.storyboard; sourceTree = "<group>"; };
		7FEA9E6B209BC76200BBBBAF /* Assets.xcassets */ = {isa = PBXFileReference; lastKnownFileType = folder.assetcatalog; path = Assets.xcassets; sourceTree = "<group>"; };
		7FEA9E6E209BC76200BBBBAF /* Base */ = {isa = PBXFileReference; lastKnownFileType = file.storyboard; name = Base; path = Base.lproj/LaunchScreen.storyboard; sourceTree = "<group>"; };
		7FEA9E70209BC76200BBBBAF /* Info.plist */ = {isa = PBXFileReference; lastKnownFileType = text.plist.xml; path = Info.plist; sourceTree = "<group>"; };
/* End PBXFileReference section */

/* Begin PBXFrameworksBuildPhase section */
		7FEA9E5E209BC75B00BBBBAF /* Frameworks */ = {
			isa = PBXFrameworksBuildPhase;
			buildActionMask = 2147483647;
			files = (
			);
			runOnlyForDeploymentPostprocessing = 0;
		};
/* End PBXFrameworksBuildPhase section */

/* Begin PBXGroup section */
		7F548FC124B13EF5006E67C6 /* Model */ = {
			isa = PBXGroup;
			children = (
				7FBF4188209BE577005D85D5 /* Card.swift */,
				7FBF4186209BE4DC005D85D5 /* Concentration.swift */,
			);
			path = Model;
			sourceTree = "<group>";
		};
		7F548FC224B13F25006E67C6 /* Controller */ = {
			isa = PBXGroup;
			children = (
				7FEA9E66209BC75B00BBBBAF /* ViewController.swift */,
			);
			path = Controller;
			sourceTree = "<group>";
		};
		7F548FC324B13F2F006E67C6 /* View */ = {
			isa = PBXGroup;
			children = (
			);
			path = View;
			sourceTree = "<group>";
		};
		7FEA9E58209BC75B00BBBBAF = {
			isa = PBXGroup;
			children = (
				7FEA9E63209BC75B00BBBBAF /* Concentration */,
				7FEA9E62209BC75B00BBBBAF /* Products */,
			);
			sourceTree = "<group>";
		};
		7FEA9E62209BC75B00BBBBAF /* Products */ = {
			isa = PBXGroup;
			children = (
				7FEA9E61209BC75B00BBBBAF /* Concentration.app */,
			);
			name = Products;
			sourceTree = "<group>";
		};
		7FEA9E63209BC75B00BBBBAF /* Concentration */ = {
			isa = PBXGroup;
			children = (
				7F548FC324B13F2F006E67C6 /* View */,
				7F548FC224B13F25006E67C6 /* Controller */,
				7F548FC124B13EF5006E67C6 /* Model */,
				7FEA9E76209BC85B00BBBBAF /* Supporting Files */,
				7FEA9E68209BC75B00BBBBAF /* Main.storyboard */,
				7FEA9E70209BC76200BBBBAF /* Info.plist */,
			);
			path = Concentration;
			sourceTree = "<group>";
		};
		7FEA9E76209BC85B00BBBBAF /* Supporting Files */ = {
			isa = PBXGroup;
			children = (
				7FEA9E64209BC75B00BBBBAF /* AppDelegate.swift */,
				7FEA9E6B209BC76200BBBBAF /* Assets.xcassets */,
				7FEA9E6D209BC76200BBBBAF /* LaunchScreen.storyboard */,
			);
			path = "Supporting Files";
			sourceTree = "<group>";
		};
/* End PBXGroup section */

/* Begin PBXNativeTarget section */
		7FEA9E60209BC75B00BBBBAF /* Concentration */ = {
			isa = PBXNativeTarget;
			buildConfigurationList = 7FEA9E73209BC76200BBBBAF /* Build configuration list for PBXNativeTarget "Concentration" */;
			buildPhases = (
				7FEA9E5D209BC75B00BBBBAF /* Sources */,
				7FEA9E5E209BC75B00BBBBAF /* Frameworks */,
				7FEA9E5F209BC75B00BBBBAF /* Resources */,
			);
			buildRules = (
			);
			dependencies = (
			);
			name = Concentration;
			productName = Concentration;
			productReference = 7FEA9E61209BC75B00BBBBAF /* Concentration.app */;
			productType = "com.apple.product-type.application";
		};
/* End PBXNativeTarget section */

/* Begin PBXProject section */
		7FEA9E59209BC75B00BBBBAF /* Project object */ = {
			isa = PBXProject;
			attributes = {
				LastSwiftUpdateCheck = 0940;
				LastUpgradeCheck = 0940;
				ORGANIZATIONNAME = "Shawn Mansfield";
				TargetAttributes = {
					7FEA9E60209BC75B00BBBBAF = {
						CreatedOnToolsVersion = 9.4;
						ProvisioningStyle = Automatic;
					};
				};
			};
			buildConfigurationList = 7FEA9E5C209BC75B00BBBBAF /* Build configuration list for PBXProject "Concentration" */;
			compatibilityVersion = "Xcode 9.3";
			developmentRegion = en;
			hasScannedForEncodings = 0;
			knownRegions = (
				en,
				Base,
			);
			mainGroup = 7FEA9E58209BC75B00BBBBAF;
			productRefGroup = 7FEA9E62209BC75B00BBBBAF /* Products */;
			projectDirPath = "";
			projectRoot = "";
			targets = (
				7FEA9E60209BC75B00BBBBAF /* Concentration */,
			);
		};
/* End PBXProject section */

/* Begin PBXResourcesBuildPhase section */
		7FEA9E5F209BC75B00BBBBAF /* Resources */ = {
			isa = PBXResourcesBuildPhase;
			buildActionMask = 2147483647;
			files = (
				7FEA9E6F209BC76200BBBBAF /* LaunchScreen.storyboard in Resources */,
				7FEA9E6C209BC76200BBBBAF /* Assets.xcassets in Resources */,
				7FEA9E6A209BC75B00BBBBAF /* Main.storyboard in Resources */,
			);
			runOnlyForDeploymentPostprocessing = 0;
		};
/* End PBXResourcesBuildPhase section */

/* Begin PBXSourcesBuildPhase section */
		7FEA9E5D209BC75B00BBBBAF /* Sources */ = {
			isa = PBXSourcesBuildPhase;
			buildActionMask = 2147483647;
			files = (
				7FBF4187209BE4DC005D85D5 /* Concentration.swift in Sources */,
				7FEA9E67209BC75B00BBBBAF /* ViewController.swift in Sources */,
				7FEA9E65209BC75B00BBBBAF /* AppDelegate.swift in Sources */,
				7FBF4189209BE577005D85D5 /* Card.swift in Sources */,
			);
			runOnlyForDeploymentPostprocessing = 0;
		};
/* End PBXSourcesBuildPhase section */

/* Begin PBXVariantGroup section */
		7FEA9E68209BC75B00BBBBAF /* Main.storyboard */ = {
			isa = PBXVariantGroup;
			children = (
				7FEA9E69209BC75B00BBBBAF /* Base */,
			);
			name = Main.storyboard;
			sourceTree = "<group>";
		};
		7FEA9E6D209BC76200BBBBAF /* LaunchScreen.storyboard */ = {
			isa = PBXVariantGroup;
			children = (
				7FEA9E6E209BC76200BBBBAF /* Base */,
			);
			name = LaunchScreen.storyboard;
			sourceTree = "<group>";
		};
/* End PBXVariantGroup section */

/* Begin XCBuildConfiguration section */
		7FEA9E71209BC76200BBBBAF /* Debug */ = {
			isa = XCBuildConfiguration;
			buildSettings = {
				ALWAYS_SEARCH_USER_PATHS = NO;
				CLANG_ANALYZER_NONNULL = YES;
				CLANG_ANALYZER_NUMBER_OBJECT_CONVERSION = YES_AGGRESSIVE;
				CLANG_CXX_LANGUAGE_STANDARD = "gnu++14";
				CLANG_CXX_LIBRARY = "libc++";
				CLANG_ENABLE_MODULES = YES;
				CLANG_ENABLE_OBJC_ARC = YES;
				CLANG_ENABLE_OBJC_WEAK = YES;
				CLANG_WARN_BLOCK_CAPTURE_AUTORELEASING = YES;
				CLANG_WARN_BOOL_CONVERSION = YES;
				CLANG_WARN_COMMA = YES;
				CLANG_WARN_CONSTANT_CONVERSION = YES;
				CLANG_WARN_DEPRECATED_OBJC_IMPLEMENTATIONS = YES;
				CLANG_WARN_DIRECT_OBJC_ISA_USAGE = YES_ERROR;
				CLANG_WARN_DOCUMENTATION_COMMENTS = YES;
				CLANG_WARN_EMPTY_BODY = YES;
				CLANG_WARN_ENUM_CONVERSION = YES;
				CLANG_WARN_INFINITE_RECURSION = YES;
				CLANG_WARN_INT_CONVERSION = YES;
				CLANG_WARN_NON_LITERAL_NULL_CONVERSION = YES;
				CLANG_WARN_OBJC_IMPLICIT_RETAIN_SELF = YES;
				CLANG_WARN_OBJC_LITERAL_CONVERSION = YES;
				CLANG_WARN_OBJC_ROOT_CLASS = YES_ERROR;
				CLANG_WARN_RANGE_LOOP_ANALYSIS = YES;
				CLANG_WARN_STRICT_PROTOTYPES = YES;
				CLANG_WARN_SUSPICIOUS_MOVE = YES;
				CLANG_WARN_UNGUARDED_AVAILABILITY = YES_AGGRESSIVE;
				CLANG_WARN_UNREACHABLE_CODE = YES;
				CLANG_WARN__DUPLICATE_METHOD_MATCH = YES;
				CODE_SIGN_IDENTITY = "iPhone Developer";
				COPY_PHASE_STRIP = NO;
				DEBUG_INFORMATION_FORMAT = dwarf;
				ENABLE_STRICT_OBJC_MSGSEND = YES;
				ENABLE_TESTABILITY = YES;
				GCC_C_LANGUAGE_STANDARD = gnu11;
				GCC_DYNAMIC_NO_PIC = NO;
				GCC_NO_COMMON_BLOCKS = YES;
				GCC_OPTIMIZATION_LEVEL = 0;
				GCC_PREPROCESSOR_DEFINITIONS = (
					"DEBUG=1",
					"$(inherited)",
				);
				GCC_WARN_64_TO_32_BIT_CONVERSION = YES;
				GCC_WARN_ABOUT_RETURN_TYPE = YES_ERROR;
				GCC_WARN_UNDECLARED_SELECTOR = YES;
				GCC_WARN_UNINITIALIZED_AUTOS = YES_AGGRESSIVE;
				GCC_WARN_UNUSED_FUNCTION = YES;
				GCC_WARN_UNUSED_VARIABLE = YES;
				IPHONEOS_DEPLOYMENT_TARGET = 11.4;
				MTL_ENABLE_DEBUG_INFO = YES;
				ONLY_ACTIVE_ARCH = YES;
				SDKROOT = iphoneos;
				SWIFT_ACTIVE_COMPILATION_CONDITIONS = DEBUG;
				SWIFT_OPTIMIZATION_LEVEL = "-Onone";
			};
			name = Debug;
		};
		7FEA9E72209BC76200BBBBAF /* Release */ = {
			isa = XCBuildConfiguration;
			buildSettings = {
				ALWAYS_SEARCH_USER_PATHS = NO;
				CLANG_ANALYZER_NONNULL = YES;
				CLANG_ANALYZER_NUMBER_OBJECT_CONVERSION = YES_AGGRESSIVE;
				CLANG_CXX_LANGUAGE_STANDARD = "gnu++14";
				CLANG_CXX_LIBRARY = "libc++";
				CLANG_ENABLE_MODULES = YES;
				CLANG_ENABLE_OBJC_ARC = YES;
				CLANG_ENABLE_OBJC_WEAK = YES;
				CLANG_WARN_BLOCK_CAPTURE_AUTORELEASING = YES;
				CLANG_WARN_BOOL_CONVERSION = YES;
				CLANG_WARN_COMMA = YES;
				CLANG_WARN_CONSTANT_CONVERSION = YES;
				CLANG_WARN_DEPRECATED_OBJC_IMPLEMENTATIONS = YES;
				CLANG_WARN_DIRECT_OBJC_ISA_USAGE = YES_ERROR;
				CLANG_WARN_DOCUMENTATION_COMMENTS = YES;
				CLANG_WARN_EMPTY_BODY = YES;
				CLANG_WARN_ENUM_CONVERSION = YES;
				CLANG_WARN_INFINITE_RECURSION = YES;
				CLANG_WARN_INT_CONVERSION = YES;
				CLANG_WARN_NON_LITERAL_NULL_CONVERSION = YES;
				CLANG_WARN_OBJC_IMPLICIT_RETAIN_SELF = YES;
				CLANG_WARN_OBJC_LITERAL_CONVERSION = YES;
				CLANG_WARN_OBJC_ROOT_CLASS = YES_ERROR;
				CLANG_WARN_RANGE_LOOP_ANALYSIS = YES;
				CLANG_WARN_STRICT_PROTOTYPES = YES;
				CLANG_WARN_SUSPICIOUS_MOVE = YES;
				CLANG_WARN_UNGUARDED_AVAILABILITY = YES_AGGRESSIVE;
				CLANG_WARN_UNREACHABLE_CODE = YES;
				CLANG_WARN__DUPLICATE_METHOD_MATCH = YES;
				CODE_SIGN_IDENTITY = "iPhone Developer";
				COPY_PHASE_STRIP = NO;
				DEBUG_INFORMATION_FORMAT = "dwarf-with-dsym";
				ENABLE_NS_ASSERTIONS = NO;
				ENABLE_STRICT_OBJC_MSGSEND = YES;
				GCC_C_LANGUAGE_STANDARD = gnu11;
				GCC_NO_COMMON_BLOCKS = YES;
				GCC_WARN_64_TO_32_BIT_CONVERSION = YES;
				GCC_WARN_ABOUT_RETURN_TYPE = YES_ERROR;
				GCC_WARN_UNDECLARED_SELECTOR = YES;
				GCC_WARN_UNINITIALIZED_AUTOS = YES_AGGRESSIVE;
				GCC_WARN_UNUSED_FUNCTION = YES;
				GCC_WARN_UNUSED_VARIABLE = YES;
				IPHONEOS_DEPLOYMENT_TARGET = 11.4;
				MTL_ENABLE_DEBUG_INFO = NO;
				SDKROOT = iphoneos;
				SWIFT_COMPILATION_MODE = wholemodule;
				SWIFT_OPTIMIZATION_LEVEL = "-O";
				VALIDATE_PRODUCT = YES;
			};
			name = Release;
		};
		7FEA9E74209BC76200BBBBAF /* Debug */ = {
			isa = XCBuildConfiguration;
			buildSettings = {
				ASSETCATALOG_COMPILER_APPICON_NAME = AppIcon;
				CODE_SIGN_STYLE = Automatic;
				DEVELOPMENT_TEAM = GX25QL3HJ8;
				INFOPLIST_FILE = Concentration/Info.plist;
				IPHONEOS_DEPLOYMENT_TARGET = 11.0;
				LD_RUNPATH_SEARCH_PATHS = (
					"$(inherited)",
					"@executable_path/Frameworks",
				);
				PRODUCT_BUNDLE_IDENTIFIER = com.slmansfield.Concentration;
				PRODUCT_NAME = "$(TARGET_NAME)";
				SWIFT_VERSION = 4.0;
				TARGETED_DEVICE_FAMILY = "1,2";
			};
			name = Debug;
		};
		7FEA9E75209BC76200BBBBAF /* Release */ = {
			isa = XCBuildConfiguration;
			buildSettings = {
				ASSETCATALOG_COMPILER_APPICON_NAME = AppIcon;
				CODE_SIGN_STYLE = Automatic;
				DEVELOPMENT_TEAM = GX25QL3HJ8;
				INFOPLIST_FILE = Concentration/Info.plist;
				IPHONEOS_DEPLOYMENT_TARGET = 11.0;
				LD_RUNPATH_SEARCH_PATHS = (
					"$(inherited)",
					"@executable_path/Frameworks",
				);
				PRODUCT_BUNDLE_IDENTIFIER = com.slmansfield.Concentration;
				PRODUCT_NAME = "$(TARGET_NAME)";
				SWIFT_VERSION = 4.0;
				TARGETED_DEVICE_FAMILY = "1,2";
			};
			name = Release;
		};
/* End XCBuildConfiguration section */

/* Begin XCConfigurationList section */
		7FEA9E5C209BC75B00BBBBAF /* Build configuration list for PBXProject "Concentration" */ = {
			isa = XCConfigurationList;
			buildConfigurations = (
				7FEA9E71209BC76200BBBBAF /* Debug */,
				7FEA9E72209BC76200BBBBAF /* Release */,
			);
			defaultConfigurationIsVisible = 0;
			defaultConfigurationName = Release;
		};
		7FEA9E73209BC76200BBBBAF /* Build configuration list for PBXNativeTarget "Concentration" */ = {
			isa = XCConfigurationList;
			buildConfigurations = (
				7FEA9E74209BC76200BBBBAF /* Debug */,
				7FEA9E75209BC76200BBBBAF /* Release */,
			);
			defaultConfigurationIsVisible = 0;
			defaultConfigurationName = Release;
		};
/* End XCConfigurationList section */
	};
	rootObject = 7FEA9E59209BC75B00BBBBAF /* Project object */;
}
